// !$*UTF8*$!
{
	archiveVersion = 1;
	classes = {
	};
	objectVersion = 46;
	objects = {

/* Begin PBXBuildFile section */
		8B492C341D0388F70022935A /* LocationViewController.swift in Sources */ = {isa = PBXBuildFile; fileRef = 8B492C331D0388F70022935A /* LocationViewController.swift */; };
		8B492C381D038B6B0022935A /* LocationSearchViewController.swift in Sources */ = {isa = PBXBuildFile; fileRef = 8B492C371D038B6B0022935A /* LocationSearchViewController.swift */; };
		8B7E73831CFACC2400BBC956 /* AppDelegate.swift in Sources */ = {isa = PBXBuildFile; fileRef = 8B7E73821CFACC2400BBC956 /* AppDelegate.swift */; };
		8B7E73851CFACC2400BBC956 /* MapViewController.swift in Sources */ = {isa = PBXBuildFile; fileRef = 8B7E73841CFACC2400BBC956 /* MapViewController.swift */; };
		8B7E73881CFACC2400BBC956 /* Main.storyboard in Resources */ = {isa = PBXBuildFile; fileRef = 8B7E73861CFACC2400BBC956 /* Main.storyboard */; };
		8B7E738A1CFACC2400BBC956 /* Assets.xcassets in Resources */ = {isa = PBXBuildFile; fileRef = 8B7E73891CFACC2400BBC956 /* Assets.xcassets */; };
		8B7E738D1CFACC2400BBC956 /* LaunchScreen.storyboard in Resources */ = {isa = PBXBuildFile; fileRef = 8B7E738B1CFACC2400BBC956 /* LaunchScreen.storyboard */; };
		8B7E73981CFACC2400BBC956 /* Pin-DropPOCTests.swift in Sources */ = {isa = PBXBuildFile; fileRef = 8B7E73971CFACC2400BBC956 /* Pin-DropPOCTests.swift */; };
		8B7E73A31CFACC2400BBC956 /* Pin-DropPOCUITests.swift in Sources */ = {isa = PBXBuildFile; fileRef = 8B7E73A21CFACC2400BBC956 /* Pin-DropPOCUITests.swift */; };
/* End PBXBuildFile section */

/* Begin PBXContainerItemProxy section */
		8B7E73941CFACC2400BBC956 /* PBXContainerItemProxy */ = {
			isa = PBXContainerItemProxy;
			containerPortal = 8B7E73771CFACC2400BBC956 /* Project object */;
			proxyType = 1;
			remoteGlobalIDString = 8B7E737E1CFACC2400BBC956;
			remoteInfo = Crossfire;
		};
		8B7E739F1CFACC2400BBC956 /* PBXContainerItemProxy */ = {
			isa = PBXContainerItemProxy;
			containerPortal = 8B7E73771CFACC2400BBC956 /* Project object */;
			proxyType = 1;
			remoteGlobalIDString = 8B7E737E1CFACC2400BBC956;
			remoteInfo = Crossfire;
		};
/* End PBXContainerItemProxy section */

/* Begin PBXFileReference section */
		8B492C331D0388F70022935A /* LocationViewController.swift */ = {isa = PBXFileReference; fileEncoding = 4; lastKnownFileType = sourcecode.swift; path = LocationViewController.swift; sourceTree = "<group>"; };
		8B492C371D038B6B0022935A /* LocationSearchViewController.swift */ = {isa = PBXFileReference; fileEncoding = 4; lastKnownFileType = sourcecode.swift; path = LocationSearchViewController.swift; sourceTree = "<group>"; };
		8B7E737F1CFACC2400BBC956 /* Pin-Drop POC.app */ = {isa = PBXFileReference; explicitFileType = wrapper.application; includeInIndex = 0; path = "Pin-Drop POC.app"; sourceTree = BUILT_PRODUCTS_DIR; };
		8B7E73821CFACC2400BBC956 /* AppDelegate.swift */ = {isa = PBXFileReference; lastKnownFileType = sourcecode.swift; path = AppDelegate.swift; sourceTree = "<group>"; };
		8B7E73841CFACC2400BBC956 /* MapViewController.swift */ = {isa = PBXFileReference; lastKnownFileType = sourcecode.swift; path = MapViewController.swift; sourceTree = "<group>"; };
		8B7E73871CFACC2400BBC956 /* Base */ = {isa = PBXFileReference; lastKnownFileType = file.storyboard; name = Base; path = Base.lproj/Main.storyboard; sourceTree = "<group>"; };
		8B7E73891CFACC2400BBC956 /* Assets.xcassets */ = {isa = PBXFileReference; lastKnownFileType = folder.assetcatalog; path = Assets.xcassets; sourceTree = "<group>"; };
		8B7E738C1CFACC2400BBC956 /* Base */ = {isa = PBXFileReference; lastKnownFileType = file.storyboard; name = Base; path = Base.lproj/LaunchScreen.storyboard; sourceTree = "<group>"; };
		8B7E738E1CFACC2400BBC956 /* Info.plist */ = {isa = PBXFileReference; lastKnownFileType = text.plist.xml; path = Info.plist; sourceTree = "<group>"; };
		8B7E73931CFACC2400BBC956 /* Pin-Drop POC.xctest */ = {isa = PBXFileReference; explicitFileType = wrapper.cfbundle; includeInIndex = 0; path = "Pin-Drop POC.xctest"; sourceTree = BUILT_PRODUCTS_DIR; };
		8B7E73971CFACC2400BBC956 /* Pin-DropPOCTests.swift */ = {isa = PBXFileReference; lastKnownFileType = sourcecode.swift; path = "Pin-DropPOCTests.swift"; sourceTree = "<group>"; };
		8B7E73991CFACC2400BBC956 /* Info.plist */ = {isa = PBXFileReference; lastKnownFileType = text.plist.xml; path = Info.plist; sourceTree = "<group>"; };
		8B7E739E1CFACC2400BBC956 /* Pin-Drop POC.xctest */ = {isa = PBXFileReference; explicitFileType = wrapper.cfbundle; includeInIndex = 0; path = "Pin-Drop POC.xctest"; sourceTree = BUILT_PRODUCTS_DIR; };
		8B7E73A21CFACC2400BBC956 /* Pin-DropPOCUITests.swift */ = {isa = PBXFileReference; lastKnownFileType = sourcecode.swift; path = "Pin-DropPOCUITests.swift"; sourceTree = "<group>"; };
		8B7E73A41CFACC2400BBC956 /* Info.plist */ = {isa = PBXFileReference; lastKnownFileType = text.plist.xml; path = Info.plist; sourceTree = "<group>"; };
/* End PBXFileReference section */

/* Begin PBXFrameworksBuildPhase section */
		8B7E737C1CFACC2400BBC956 /* Frameworks */ = {
			isa = PBXFrameworksBuildPhase;
			buildActionMask = 2147483647;
			files = (
			);
			runOnlyForDeploymentPostprocessing = 0;
		};
		8B7E73901CFACC2400BBC956 /* Frameworks */ = {
			isa = PBXFrameworksBuildPhase;
			buildActionMask = 2147483647;
			files = (
			);
			runOnlyForDeploymentPostprocessing = 0;
		};
		8B7E739B1CFACC2400BBC956 /* Frameworks */ = {
			isa = PBXFrameworksBuildPhase;
			buildActionMask = 2147483647;
			files = (
			);
			runOnlyForDeploymentPostprocessing = 0;
		};
/* End PBXFrameworksBuildPhase section */

/* Begin PBXGroup section */
		8B7E73761CFACC2400BBC956 = {
			isa = PBXGroup;
			children = (
				8B7E73811CFACC2400BBC956 /* Crossfire */,
				8B7E73961CFACC2400BBC956 /* Pin-Drop POC Tests */,
				8B7E73A11CFACC2400BBC956 /* Pin-DropPOCUITests */,
				8B7E73801CFACC2400BBC956 /* Products */,
			);
			sourceTree = "<group>";
		};
		8B7E73801CFACC2400BBC956 /* Products */ = {
			isa = PBXGroup;
			children = (
				8B7E737F1CFACC2400BBC956 /* Pin-Drop POC.app */,
				8B7E73931CFACC2400BBC956 /* Pin-Drop POC.xctest */,
				8B7E739E1CFACC2400BBC956 /* Pin-Drop POC.xctest */,
			);
			name = Products;
			sourceTree = "<group>";
		};
		8B7E73811CFACC2400BBC956 /* Crossfire */ = {
			isa = PBXGroup;
			children = (
				8B7E73821CFACC2400BBC956 /* AppDelegate.swift */,
				8B7E73841CFACC2400BBC956 /* MapViewController.swift */,
				8B492C331D0388F70022935A /* LocationViewController.swift */,
				8B492C371D038B6B0022935A /* LocationSearchViewController.swift */,
				8B7E73861CFACC2400BBC956 /* Main.storyboard */,
				8B7E73891CFACC2400BBC956 /* Assets.xcassets */,
				8B7E738B1CFACC2400BBC956 /* LaunchScreen.storyboard */,
				8B7E738E1CFACC2400BBC956 /* Info.plist */,
			);
			path = Crossfire;
			sourceTree = "<group>";
		};
		8B7E73961CFACC2400BBC956 /* Pin-Drop POC Tests */ = {
			isa = PBXGroup;
			children = (
				8B7E73971CFACC2400BBC956 /* Pin-DropPOCTests.swift */,
				8B7E73991CFACC2400BBC956 /* Info.plist */,
			);
			name = "Pin-Drop POC Tests";
			path = CrossfireTests;
			sourceTree = "<group>";
		};
		8B7E73A11CFACC2400BBC956 /* Pin-DropPOCUITests */ = {
			isa = PBXGroup;
			children = (
				8B7E73A21CFACC2400BBC956 /* Pin-DropPOCUITests.swift */,
				8B7E73A41CFACC2400BBC956 /* Info.plist */,
			);
			name = "Pin-DropPOCUITests";
			path = CrossfireUITests;
			sourceTree = "<group>";
		};
/* End PBXGroup section */

/* Begin PBXNativeTarget section */
		8B7E737E1CFACC2400BBC956 /* Pin-Drop POC */ = {
			isa = PBXNativeTarget;
			buildConfigurationList = 8B7E73A71CFACC2400BBC956 /* Build configuration list for PBXNativeTarget "Pin-Drop POC" */;
			buildPhases = (
				8B7E737B1CFACC2400BBC956 /* Sources */,
				8B7E737C1CFACC2400BBC956 /* Frameworks */,
				8B7E737D1CFACC2400BBC956 /* Resources */,
			);
			buildRules = (
			);
			dependencies = (
			);
			name = "Pin-Drop POC";
			productName = Crossfire;
			productReference = 8B7E737F1CFACC2400BBC956 /* Pin-Drop POC.app */;
			productType = "com.apple.product-type.application";
		};
		8B7E73921CFACC2400BBC956 /* Pin-Drop POCTests */ = {
			isa = PBXNativeTarget;
			buildConfigurationList = 8B7E73AA1CFACC2400BBC956 /* Build configuration list for PBXNativeTarget "Pin-Drop POCTests" */;
			buildPhases = (
				8B7E738F1CFACC2400BBC956 /* Sources */,
				8B7E73901CFACC2400BBC956 /* Frameworks */,
				8B7E73911CFACC2400BBC956 /* Resources */,
			);
			buildRules = (
			);
			dependencies = (
				8B7E73951CFACC2400BBC956 /* PBXTargetDependency */,
			);
			name = "Pin-Drop POCTests";
			productName = CrossfireTests;
			productReference = 8B7E73931CFACC2400BBC956 /* Pin-Drop POC.xctest */;
			productType = "com.apple.product-type.bundle.unit-test";
		};
		8B7E739D1CFACC2400BBC956 /* Pin-Drop POCUITests */ = {
			isa = PBXNativeTarget;
			buildConfigurationList = 8B7E73AD1CFACC2400BBC956 /* Build configuration list for PBXNativeTarget "Pin-Drop POCUITests" */;
			buildPhases = (
				8B7E739A1CFACC2400BBC956 /* Sources */,
				8B7E739B1CFACC2400BBC956 /* Frameworks */,
				8B7E739C1CFACC2400BBC956 /* Resources */,
			);
			buildRules = (
			);
			dependencies = (
				8B7E73A01CFACC2400BBC956 /* PBXTargetDependency */,
			);
			name = "Pin-Drop POCUITests";
			productName = CrossfireUITests;
			productReference = 8B7E739E1CFACC2400BBC956 /* Pin-Drop POC.xctest */;
			productType = "com.apple.product-type.bundle.ui-testing";
		};
/* End PBXNativeTarget section */

/* Begin PBXProject section */
		8B7E73771CFACC2400BBC956 /* Project object */ = {
			isa = PBXProject;
			attributes = {
				LastSwiftUpdateCheck = 0730;
				LastUpgradeCheck = 0730;
				ORGANIZATIONNAME = "Kade France";
				TargetAttributes = {
					8B7E737E1CFACC2400BBC956 = {
						CreatedOnToolsVersion = 7.3.1;
					};
					8B7E73921CFACC2400BBC956 = {
						CreatedOnToolsVersion = 7.3.1;
						TestTargetID = 8B7E737E1CFACC2400BBC956;
					};
					8B7E739D1CFACC2400BBC956 = {
						CreatedOnToolsVersion = 7.3.1;
						TestTargetID = 8B7E737E1CFACC2400BBC956;
					};
				};
			};
			buildConfigurationList = 8B7E737A1CFACC2400BBC956 /* Build configuration list for PBXProject "Pin-Drop POC" */;
			compatibilityVersion = "Xcode 3.2";
			developmentRegion = English;
			hasScannedForEncodings = 0;
			knownRegions = (
				en,
				Base,
			);
			mainGroup = 8B7E73761CFACC2400BBC956;
			productRefGroup = 8B7E73801CFACC2400BBC956 /* Products */;
			projectDirPath = "";
			projectRoot = "";
			targets = (
				8B7E737E1CFACC2400BBC956 /* Pin-Drop POC */,
				8B7E73921CFACC2400BBC956 /* Pin-Drop POCTests */,
				8B7E739D1CFACC2400BBC956 /* Pin-Drop POCUITests */,
			);
		};
/* End PBXProject section */

/* Begin PBXResourcesBuildPhase section */
		8B7E737D1CFACC2400BBC956 /* Resources */ = {
			isa = PBXResourcesBuildPhase;
			buildActionMask = 2147483647;
			files = (
				8B7E738D1CFACC2400BBC956 /* LaunchScreen.storyboard in Resources */,
				8B7E738A1CFACC2400BBC956 /* Assets.xcassets in Resources */,
				8B7E73881CFACC2400BBC956 /* Main.storyboard in Resources */,
			);
			runOnlyForDeploymentPostprocessing = 0;
		};
		8B7E73911CFACC2400BBC956 /* Resources */ = {
			isa = PBXResourcesBuildPhase;
			buildActionMask = 2147483647;
			files = (
			);
			runOnlyForDeploymentPostprocessing = 0;
		};
		8B7E739C1CFACC2400BBC956 /* Resources */ = {
			isa = PBXResourcesBuildPhase;
			buildActionMask = 2147483647;
			files = (
			);
			runOnlyForDeploymentPostprocessing = 0;
		};
/* End PBXResourcesBuildPhase section */

/* Begin PBXSourcesBuildPhase section */
		8B7E737B1CFACC2400BBC956 /* Sources */ = {
			isa = PBXSourcesBuildPhase;
			buildActionMask = 2147483647;
			files = (
				8B7E73851CFACC2400BBC956 /* MapViewController.swift in Sources */,
				8B492C381D038B6B0022935A /* LocationSearchViewController.swift in Sources */,
				8B7E73831CFACC2400BBC956 /* AppDelegate.swift in Sources */,
				8B492C341D0388F70022935A /* LocationViewController.swift in Sources */,
			);
			runOnlyForDeploymentPostprocessing = 0;
		};
		8B7E738F1CFACC2400BBC956 /* Sources */ = {
			isa = PBXSourcesBuildPhase;
			buildActionMask = 2147483647;
			files = (
				8B7E73981CFACC2400BBC956 /* Pin-DropPOCTests.swift in Sources */,
			);
			runOnlyForDeploymentPostprocessing = 0;
		};
		8B7E739A1CFACC2400BBC956 /* Sources */ = {
			isa = PBXSourcesBuildPhase;
			buildActionMask = 2147483647;
			files = (
				8B7E73A31CFACC2400BBC956 /* Pin-DropPOCUITests.swift in Sources */,
			);
			runOnlyForDeploymentPostprocessing = 0;
		};
/* End PBXSourcesBuildPhase section */

/* Begin PBXTargetDependency section */
		8B7E73951CFACC2400BBC956 /* PBXTargetDependency */ = {
			isa = PBXTargetDependency;
			target = 8B7E737E1CFACC2400BBC956 /* Pin-Drop POC */;
			targetProxy = 8B7E73941CFACC2400BBC956 /* PBXContainerItemProxy */;
		};
		8B7E73A01CFACC2400BBC956 /* PBXTargetDependency */ = {
			isa = PBXTargetDependency;
			target = 8B7E737E1CFACC2400BBC956 /* Pin-Drop POC */;
			targetProxy = 8B7E739F1CFACC2400BBC956 /* PBXContainerItemProxy */;
		};
/* End PBXTargetDependency section */

/* Begin PBXVariantGroup section */
		8B7E73861CFACC2400BBC956 /* Main.storyboard */ = {
			isa = PBXVariantGroup;
			children = (
				8B7E73871CFACC2400BBC956 /* Base */,
			);
			name = Main.storyboard;
			sourceTree = "<group>";
		};
		8B7E738B1CFACC2400BBC956 /* LaunchScreen.storyboard */ = {
			isa = PBXVariantGroup;
			children = (
				8B7E738C1CFACC2400BBC956 /* Base */,
			);
			name = LaunchScreen.storyboard;
			sourceTree = "<group>";
		};
/* End PBXVariantGroup section */

/* Begin XCBuildConfiguration section */
		8B7E73A51CFACC2400BBC956 /* Debug */ = {
			isa = XCBuildConfiguration;
			buildSettings = {
				ALWAYS_SEARCH_USER_PATHS = NO;
				CLANG_ANALYZER_NONNULL = YES;
				CLANG_CXX_LANGUAGE_STANDARD = "gnu++0x";
				CLANG_CXX_LIBRARY = "libc++";
				CLANG_ENABLE_MODULES = YES;
				CLANG_ENABLE_OBJC_ARC = YES;
				CLANG_WARN_BOOL_CONVERSION = YES;
				CLANG_WARN_CONSTANT_CONVERSION = YES;
				CLANG_WARN_DIRECT_OBJC_ISA_USAGE = YES_ERROR;
				CLANG_WARN_EMPTY_BODY = YES;
				CLANG_WARN_ENUM_CONVERSION = YES;
				CLANG_WARN_INT_CONVERSION = YES;
				CLANG_WARN_OBJC_ROOT_CLASS = YES_ERROR;
				CLANG_WARN_UNREACHABLE_CODE = YES;
				CLANG_WARN__DUPLICATE_METHOD_MATCH = YES;
				"CODE_SIGN_IDENTITY[sdk=iphoneos*]" = "iPhone Developer";
				COPY_PHASE_STRIP = NO;
				DEBUG_INFORMATION_FORMAT = dwarf;
				ENABLE_STRICT_OBJC_MSGSEND = YES;
				ENABLE_TESTABILITY = YES;
				GCC_C_LANGUAGE_STANDARD = gnu99;
				GCC_DYNAMIC_NO_PIC = NO;
				GCC_NO_COMMON_BLOCKS = YES;
				GCC_OPTIMIZATION_LEVEL = 0;
				GCC_PREPROCESSOR_DEFINITIONS = (
					"DEBUG=1",
					"$(inherited)",
				);
				GCC_WARN_64_TO_32_BIT_CONVERSION = YES;
				GCC_WARN_ABOUT_RETURN_TYPE = YES_ERROR;
				GCC_WARN_UNDECLARED_SELECTOR = YES;
				GCC_WARN_UNINITIALIZED_AUTOS = YES_AGGRESSIVE;
				GCC_WARN_UNUSED_FUNCTION = YES;
				GCC_WARN_UNUSED_VARIABLE = YES;
				IPHONEOS_DEPLOYMENT_TARGET = 9.3;
				MTL_ENABLE_DEBUG_INFO = YES;
				ONLY_ACTIVE_ARCH = YES;
				SDKROOT = iphoneos;
				SWIFT_OPTIMIZATION_LEVEL = "-Onone";
			};
			name = Debug;
		};
		8B7E73A61CFACC2400BBC956 /* Release */ = {
			isa = XCBuildConfiguration;
			buildSettings = {
				ALWAYS_SEARCH_USER_PATHS = NO;
				CLANG_ANALYZER_NONNULL = YES;
				CLANG_CXX_LANGUAGE_STANDARD = "gnu++0x";
				CLANG_CXX_LIBRARY = "libc++";
				CLANG_ENABLE_MODULES = YES;
				CLANG_ENABLE_OBJC_ARC = YES;
				CLANG_WARN_BOOL_CONVERSION = YES;
				CLANG_WARN_CONSTANT_CONVERSION = YES;
				CLANG_WARN_DIRECT_OBJC_ISA_USAGE = YES_ERROR;
				CLANG_WARN_EMPTY_BODY = YES;
				CLANG_WARN_ENUM_CONVERSION = YES;
				CLANG_WARN_INT_CONVERSION = YES;
				CLANG_WARN_OBJC_ROOT_CLASS = YES_ERROR;
				CLANG_WARN_UNREACHABLE_CODE = YES;
				CLANG_WARN__DUPLICATE_METHOD_MATCH = YES;
				"CODE_SIGN_IDENTITY[sdk=iphoneos*]" = "iPhone Developer";
				COPY_PHASE_STRIP = NO;
				DEBUG_INFORMATION_FORMAT = "dwarf-with-dsym";
				ENABLE_NS_ASSERTIONS = NO;
				ENABLE_STRICT_OBJC_MSGSEND = YES;
				GCC_C_LANGUAGE_STANDARD = gnu99;
				GCC_NO_COMMON_BLOCKS = YES;
				GCC_WARN_64_TO_32_BIT_CONVERSION = YES;
				GCC_WARN_ABOUT_RETURN_TYPE = YES_ERROR;
				GCC_WARN_UNDECLARED_SELECTOR = YES;
				GCC_WARN_UNINITIALIZED_AUTOS = YES_AGGRESSIVE;
				GCC_WARN_UNUSED_FUNCTION = YES;
				GCC_WARN_UNUSED_VARIABLE = YES;
				IPHONEOS_DEPLOYMENT_TARGET = 9.3;
				MTL_ENABLE_DEBUG_INFO = NO;
				SDKROOT = iphoneos;
				VALIDATE_PRODUCT = YES;
			};
			name = Release;
		};
		8B7E73A81CFACC2400BBC956 /* Debug */ = {
			isa = XCBuildConfiguration;
			buildSettings = {
				ASSETCATALOG_COMPILER_APPICON_NAME = AppIcon;
				INFOPLIST_FILE = Crossfire/Info.plist;
				LD_RUNPATH_SEARCH_PATHS = "$(inherited) @executable_path/Frameworks";
				PRODUCT_BUNDLE_IDENTIFIER = com.KadeFrance.Crossfire;
				PRODUCT_NAME = "Pin-Drop POC";
			};
			name = Debug;
		};
		8B7E73A91CFACC2400BBC956 /* Release */ = {
			isa = XCBuildConfiguration;
			buildSettings = {
				ASSETCATALOG_COMPILER_APPICON_NAME = AppIcon;
				INFOPLIST_FILE = Crossfire/Info.plist;
				LD_RUNPATH_SEARCH_PATHS = "$(inherited) @executable_path/Frameworks";
				PRODUCT_BUNDLE_IDENTIFIER = com.KadeFrance.Crossfire;
				PRODUCT_NAME = "Pin-Drop POC";
			};
			name = Release;
		};
		8B7E73AB1CFACC2400BBC956 /* Debug */ = {
			isa = XCBuildConfiguration;
			buildSettings = {
				BUNDLE_LOADER = "$(TEST_HOST)";
				INFOPLIST_FILE = CrossfireTests/Info.plist;
				LD_RUNPATH_SEARCH_PATHS = "$(inherited) @executable_path/Frameworks @loader_path/Frameworks";
				PRODUCT_BUNDLE_IDENTIFIER = com.KadeFrance.CrossfireTests;
				PRODUCT_NAME = "Pin-Drop POC";
				TEST_HOST = "$(BUILT_PRODUCTS_DIR)/Pin-Drop POC.app/Pin-Drop POC";
			};
			name = Debug;
		};
		8B7E73AC1CFACC2400BBC956 /* Release */ = {
			isa = XCBuildConfiguration;
			buildSettings = {
				BUNDLE_LOADER = "$(TEST_HOST)";
				INFOPLIST_FILE = CrossfireTests/Info.plist;
				LD_RUNPATH_SEARCH_PATHS = "$(inherited) @executable_path/Frameworks @loader_path/Frameworks";
				PRODUCT_BUNDLE_IDENTIFIER = com.KadeFrance.CrossfireTests;
				PRODUCT_NAME = "Pin-Drop POC";
				TEST_HOST = "$(BUILT_PRODUCTS_DIR)/Pin-Drop POC.app/Pin-Drop POC";
			};
			name = Release;
		};
		8B7E73AE1CFACC2400BBC956 /* Debug */ = {
			isa = XCBuildConfiguration;
			buildSettings = {
				INFOPLIST_FILE = CrossfireUITests/Info.plist;
				LD_RUNPATH_SEARCH_PATHS = "$(inherited) @executable_path/Frameworks @loader_path/Frameworks";
				PRODUCT_BUNDLE_IDENTIFIER = com.KadeFrance.CrossfireUITests;
				PRODUCT_NAME = "Pin-Drop POC";
				TEST_TARGET_NAME = Crossfire;
			};
			name = Debug;
		};
		8B7E73AF1CFACC2400BBC956 /* Release */ = {
			isa = XCBuildConfiguration;
			buildSettings = {
				INFOPLIST_FILE = CrossfireUITests/Info.plist;
				LD_RUNPATH_SEARCH_PATHS = "$(inherited) @executable_path/Frameworks @loader_path/Frameworks";
				PRODUCT_BUNDLE_IDENTIFIER = com.KadeFrance.CrossfireUITests;
				PRODUCT_NAME = "Pin-Drop POC";
				TEST_TARGET_NAME = Crossfire;
			};
			name = Release;
		};
/* End XCBuildConfiguration section */

/* Begin XCConfigurationList section */
		8B7E737A1CFACC2400BBC956 /* Build configuration list for PBXProject "Pin-Drop POC" */ = {
			isa = XCConfigurationList;
			buildConfigurations = (
				8B7E73A51CFACC2400BBC956 /* Debug */,
				8B7E73A61CFACC2400BBC956 /* Release */,
			);
			defaultConfigurationIsVisible = 0;
			defaultConfigurationName = Release;
		};
		8B7E73A71CFACC2400BBC956 /* Build configuration list for PBXNativeTarget "Pin-Drop POC" */ = {
			isa = XCConfigurationList;
			buildConfigurations = (
				8B7E73A81CFACC2400BBC956 /* Debug */,
				8B7E73A91CFACC2400BBC956 /* Release */,
			);
			defaultConfigurationIsVisible = 0;
			defaultConfigurationName = Release;
		};
		8B7E73AA1CFACC2400BBC956 /* Build configuration list for PBXNativeTarget "Pin-Drop POCTests" */ = {
			isa = XCConfigurationList;
			buildConfigurations = (
				8B7E73AB1CFACC2400BBC956 /* Debug */,
				8B7E73AC1CFACC2400BBC956 /* Release */,
			);
			defaultConfigurationIsVisible = 0;
			defaultConfigurationName = Release;
		};
		8B7E73AD1CFACC2400BBC956 /* Build configuration list for PBXNativeTarget "Pin-Drop POCUITests" */ = {
			isa = XCConfigurationList;
			buildConfigurations = (
				8B7E73AE1CFACC2400BBC956 /* Debug */,
				8B7E73AF1CFACC2400BBC956 /* Release */,
			);
			defaultConfigurationIsVisible = 0;
			defaultConfigurationName = Release;
		};
/* End XCConfigurationList section */
	};
	rootObject = 8B7E73771CFACC2400BBC956 /* Project object */;
}
